
Microsoft Visual Studio Solution File, Format Version 12.00
# Visual Studio 15
VisualStudioVersion = 15.0.26124.0
MinimumVisualStudioVersion = 15.0.26124.0
Project("{2150E333-8FDC-42A3-9474-1A3956D46DE8}") = "engine", "engine", "{5D3D6BAA-07CC-4230-AD10-BF35B636A0CB}"
EndProject
Project("{FAE04EC0-301F-11D3-BF4B-00C04F79EFBC}") = "Bomberjam", "engine\Bomberjam\Bomberjam.csproj", "{552C5BB6-3B98-4E52-ADE6-B4CC9BF52A88}"
EndProject
Project("{FAE04EC0-301F-11D3-BF4B-00C04F79EFBC}") = "Bomberjam.Tests", "engine\Bomberjam.Tests\Bomberjam.Tests.csproj", "{539C9E40-C4DD-499A-9C38-C76024D3E3BE}"
EndProject
Project("{2150E333-8FDC-42A3-9474-1A3956D46DE8}") = "website", "website", "{F23F7375-57A4-4721-BE75-5D177E0EEF6B}"
EndProject
Project("{FAE04EC0-301F-11D3-BF4B-00C04F79EFBC}") = "Bomberjam.Website", "website\Bomberjam.Website\Bomberjam.Website.csproj", "{A433DBD3-C101-4B19-B25A-83A20D940B37}"
EndProject
Project("{888888A0-9F3D-457C-B088-3A5042F75D52}") = "worker", "worker\worker.pyproj", "{D2EF0CCF-8CE3-4F93-870F-C62AAD783A73}"
EndProject
Project("{2150E333-8FDC-42A3-9474-1A3956D46DE8}") = "root", "docker", "{9D337C42-838F-4FDE-94BC-B502C3A5D9B5}"
	ProjectSection(SolutionItems) = preProject
		.editorconfig = .editorconfig
		.gitattributes = .gitattributes
		.gitignore = .gitignore
		worker.Dockerfile = worker.Dockerfile
		web.Dockerfile = web.Dockerfile
		docker-compose.yml = docker-compose.yml
		README.md = README.md
	EndProjectSection
EndProject
Project("{FAE04EC0-301F-11D3-BF4B-00C04F79EFBC}") = "Bomberjam.Common", "engine\Bomberjam.Common\Bomberjam.Common.csproj", "{08BECAC9-CB61-4C30-9732-3B045CA49BFB}"
EndProject
Project("{FAE04EC0-301F-11D3-BF4B-00C04F79EFBC}") = "MyBot", "engine\MyBot\MyBot.csproj", "{352A421E-7B20-4324-9261-B31929E9D044}"
EndProject
Global
	GlobalSection(SolutionConfigurationPlatforms) = preSolution
		Debug|Any CPU = Debug|Any CPU
		Debug|x64 = Debug|x64
		Debug|x86 = Debug|x86
		Release|Any CPU = Release|Any CPU
		Release|x64 = Release|x64
		Release|x86 = Release|x86
	EndGlobalSection
	GlobalSection(SolutionProperties) = preSolution
		HideSolutionNode = FALSE
	EndGlobalSection
	GlobalSection(ProjectConfigurationPlatforms) = postSolution
		{552C5BB6-3B98-4E52-ADE6-B4CC9BF52A88}.Debug|Any CPU.ActiveCfg = Debug|Any CPU
		{552C5BB6-3B98-4E52-ADE6-B4CC9BF52A88}.Debug|Any CPU.Build.0 = Debug|Any CPU
		{552C5BB6-3B98-4E52-ADE6-B4CC9BF52A88}.Debug|x64.ActiveCfg = Debug|Any CPU
		{552C5BB6-3B98-4E52-ADE6-B4CC9BF52A88}.Debug|x64.Build.0 = Debug|Any CPU
		{552C5BB6-3B98-4E52-ADE6-B4CC9BF52A88}.Debug|x86.ActiveCfg = Debug|Any CPU
		{552C5BB6-3B98-4E52-ADE6-B4CC9BF52A88}.Debug|x86.Build.0 = Debug|Any CPU
		{552C5BB6-3B98-4E52-ADE6-B4CC9BF52A88}.Release|Any CPU.ActiveCfg = Release|Any CPU
		{552C5BB6-3B98-4E52-ADE6-B4CC9BF52A88}.Release|Any CPU.Build.0 = Release|Any CPU
		{552C5BB6-3B98-4E52-ADE6-B4CC9BF52A88}.Release|x64.ActiveCfg = Release|Any CPU
		{552C5BB6-3B98-4E52-ADE6-B4CC9BF52A88}.Release|x64.Build.0 = Release|Any CPU
		{552C5BB6-3B98-4E52-ADE6-B4CC9BF52A88}.Release|x86.ActiveCfg = Release|Any CPU
		{552C5BB6-3B98-4E52-ADE6-B4CC9BF52A88}.Release|x86.Build.0 = Release|Any CPU
		{539C9E40-C4DD-499A-9C38-C76024D3E3BE}.Debug|Any CPU.ActiveCfg = Debug|Any CPU
		{539C9E40-C4DD-499A-9C38-C76024D3E3BE}.Debug|Any CPU.Build.0 = Debug|Any CPU
		{539C9E40-C4DD-499A-9C38-C76024D3E3BE}.Debug|x64.ActiveCfg = Debug|Any CPU
		{539C9E40-C4DD-499A-9C38-C76024D3E3BE}.Debug|x64.Build.0 = Debug|Any CPU
		{539C9E40-C4DD-499A-9C38-C76024D3E3BE}.Debug|x86.ActiveCfg = Debug|Any CPU
		{539C9E40-C4DD-499A-9C38-C76024D3E3BE}.Debug|x86.Build.0 = Debug|Any CPU
		{539C9E40-C4DD-499A-9C38-C76024D3E3BE}.Release|Any CPU.ActiveCfg = Release|Any CPU
		{539C9E40-C4DD-499A-9C38-C76024D3E3BE}.Release|Any CPU.Build.0 = Release|Any CPU
		{539C9E40-C4DD-499A-9C38-C76024D3E3BE}.Release|x64.ActiveCfg = Release|Any CPU
		{539C9E40-C4DD-499A-9C38-C76024D3E3BE}.Release|x64.Build.0 = Release|Any CPU
		{539C9E40-C4DD-499A-9C38-C76024D3E3BE}.Release|x86.ActiveCfg = Release|Any CPU
		{539C9E40-C4DD-499A-9C38-C76024D3E3BE}.Release|x86.Build.0 = Release|Any CPU
		{A433DBD3-C101-4B19-B25A-83A20D940B37}.Debug|Any CPU.ActiveCfg = Debug|Any CPU
		{A433DBD3-C101-4B19-B25A-83A20D940B37}.Debug|Any CPU.Build.0 = Debug|Any CPU
		{A433DBD3-C101-4B19-B25A-83A20D940B37}.Debug|x64.ActiveCfg = Debug|Any CPU
		{A433DBD3-C101-4B19-B25A-83A20D940B37}.Debug|x64.Build.0 = Debug|Any CPU
		{A433DBD3-C101-4B19-B25A-83A20D940B37}.Debug|x86.ActiveCfg = Debug|Any CPU
		{A433DBD3-C101-4B19-B25A-83A20D940B37}.Debug|x86.Build.0 = Debug|Any CPU
		{A433DBD3-C101-4B19-B25A-83A20D940B37}.Release|Any CPU.ActiveCfg = Release|Any CPU
		{A433DBD3-C101-4B19-B25A-83A20D940B37}.Release|Any CPU.Build.0 = Release|Any CPU
		{A433DBD3-C101-4B19-B25A-83A20D940B37}.Release|x64.ActiveCfg = Release|Any CPU
		{A433DBD3-C101-4B19-B25A-83A20D940B37}.Release|x64.Build.0 = Release|Any CPU
		{A433DBD3-C101-4B19-B25A-83A20D940B37}.Release|x86.ActiveCfg = Release|Any CPU
		{A433DBD3-C101-4B19-B25A-83A20D940B37}.Release|x86.Build.0 = Release|Any CPU
		{D2EF0CCF-8CE3-4F93-870F-C62AAD783A73}.Debug|Any CPU.ActiveCfg = Debug|Any CPU
		{D2EF0CCF-8CE3-4F93-870F-C62AAD783A73}.Debug|Any CPU.Build.0 = Debug|Any CPU
		{D2EF0CCF-8CE3-4F93-870F-C62AAD783A73}.Debug|x64.ActiveCfg = Debug|Any CPU
		{D2EF0CCF-8CE3-4F93-870F-C62AAD783A73}.Debug|x64.Build.0 = Debug|Any CPU
		{D2EF0CCF-8CE3-4F93-870F-C62AAD783A73}.Debug|x86.ActiveCfg = Debug|Any CPU
		{D2EF0CCF-8CE3-4F93-870F-C62AAD783A73}.Debug|x86.Build.0 = Debug|Any CPU
		{D2EF0CCF-8CE3-4F93-870F-C62AAD783A73}.Release|Any CPU.ActiveCfg = Debug|Any CPU
		{D2EF0CCF-8CE3-4F93-870F-C62AAD783A73}.Release|Any CPU.Build.0 = Debug|Any CPU
		{D2EF0CCF-8CE3-4F93-870F-C62AAD783A73}.Release|x64.ActiveCfg = Debug|Any CPU
		{D2EF0CCF-8CE3-4F93-870F-C62AAD783A73}.Release|x64.Build.0 = Debug|Any CPU
		{D2EF0CCF-8CE3-4F93-870F-C62AAD783A73}.Release|x86.ActiveCfg = Debug|Any CPU
		{D2EF0CCF-8CE3-4F93-870F-C62AAD783A73}.Release|x86.Build.0 = Debug|Any CPU
		{08BECAC9-CB61-4C30-9732-3B045CA49BFB}.Debug|Any CPU.ActiveCfg = Debug|Any CPU
		{08BECAC9-CB61-4C30-9732-3B045CA49BFB}.Debug|Any CPU.Build.0 = Debug|Any CPU
		{08BECAC9-CB61-4C30-9732-3B045CA49BFB}.Debug|x64.ActiveCfg = Debug|Any CPU
		{08BECAC9-CB61-4C30-9732-3B045CA49BFB}.Debug|x64.Build.0 = Debug|Any CPU
		{08BECAC9-CB61-4C30-9732-3B045CA49BFB}.Debug|x86.ActiveCfg = Debug|Any CPU
		{08BECAC9-CB61-4C30-9732-3B045CA49BFB}.Debug|x86.Build.0 = Debug|Any CPU
		{08BECAC9-CB61-4C30-9732-3B045CA49BFB}.Release|Any CPU.ActiveCfg = Release|Any CPU
		{08BECAC9-CB61-4C30-9732-3B045CA49BFB}.Release|Any CPU.Build.0 = Release|Any CPU
		{08BECAC9-CB61-4C30-9732-3B045CA49BFB}.Release|x64.ActiveCfg = Release|Any CPU
		{08BECAC9-CB61-4C30-9732-3B045CA49BFB}.Release|x64.Build.0 = Release|Any CPU
		{08BECAC9-CB61-4C30-9732-3B045CA49BFB}.Release|x86.ActiveCfg = Release|Any CPU
		{08BECAC9-CB61-4C30-9732-3B045CA49BFB}.Release|x86.Build.0 = Release|Any CPU
		{352A421E-7B20-4324-9261-B31929E9D044}.Debug|Any CPU.ActiveCfg = Debug|Any CPU
		{352A421E-7B20-4324-9261-B31929E9D044}.Debug|Any CPU.Build.0 = Debug|Any CPU
		{352A421E-7B20-4324-9261-B31929E9D044}.Debug|x64.ActiveCfg = Debug|Any CPU
		{352A421E-7B20-4324-9261-B31929E9D044}.Debug|x64.Build.0 = Debug|Any CPU
		{352A421E-7B20-4324-9261-B31929E9D044}.Debug|x86.ActiveCfg = Debug|Any CPU
		{352A421E-7B20-4324-9261-B31929E9D044}.Debug|x86.Build.0 = Debug|Any CPU
		{352A421E-7B20-4324-9261-B31929E9D044}.Release|Any CPU.ActiveCfg = Release|Any CPU
		{352A421E-7B20-4324-9261-B31929E9D044}.Release|Any CPU.Build.0 = Release|Any CPU
		{352A421E-7B20-4324-9261-B31929E9D044}.Release|x64.ActiveCfg = Release|Any CPU
		{352A421E-7B20-4324-9261-B31929E9D044}.Release|x64.Build.0 = Release|Any CPU
		{352A421E-7B20-4324-9261-B31929E9D044}.Release|x86.ActiveCfg = Release|Any CPU
		{352A421E-7B20-4324-9261-B31929E9D044}.Release|x86.Build.0 = Release|Any CPU
	EndGlobalSection
	GlobalSection(NestedProjects) = preSolution
		{552C5BB6-3B98-4E52-ADE6-B4CC9BF52A88} = {5D3D6BAA-07CC-4230-AD10-BF35B636A0CB}
		{539C9E40-C4DD-499A-9C38-C76024D3E3BE} = {5D3D6BAA-07CC-4230-AD10-BF35B636A0CB}
		{A433DBD3-C101-4B19-B25A-83A20D940B37} = {F23F7375-57A4-4721-BE75-5D177E0EEF6B}
		{08BECAC9-CB61-4C30-9732-3B045CA49BFB} = {5D3D6BAA-07CC-4230-AD10-BF35B636A0CB}
		{352A421E-7B20-4324-9261-B31929E9D044} = {5D3D6BAA-07CC-4230-AD10-BF35B636A0CB}
	EndGlobalSection
EndGlobal
